
Microsoft Visual Studio Solution File, Format Version 12.00
# Visual Studio 15
VisualStudioVersion = 15.0.26730.16
MinimumVisualStudioVersion = 10.0.40219.1
Project("{FAE04EC0-301F-11D3-BF4B-00C04F79EFBC}") = "Remote-Healthcare", "Remote-Healthcare\Remote-Healthcare.csproj", "{46FDFBCF-F5BB-4AE4-B1D5-0EF7A640A57D}"
EndProject
Project("{FAE04EC0-301F-11D3-BF4B-00C04F79EFBC}") = "Remote_Healthcare_Server", "Remote_Healthcare_Server\Remote_Healthcare_Server.csproj", "{5495C6BA-4E02-43AE-A2C7-F7D4F1991BE1}"
EndProject
Project("{FAE04EC0-301F-11D3-BF4B-00C04F79EFBC}") = "Remote_Healthcare_Client", "Remote_Healthcare_Client\Remote_Healthcare_Client.csproj", "{A1364446-4164-43E8-A173-9BEDF38DCF88}"
EndProject
Global
	GlobalSection(SolutionConfigurationPlatforms) = preSolution
		Debug|Any CPU = Debug|Any CPU
		Release|Any CPU = Release|Any CPU
	EndGlobalSection
	GlobalSection(ProjectConfigurationPlatforms) = postSolution
		{46FDFBCF-F5BB-4AE4-B1D5-0EF7A640A57D}.Debug|Any CPU.ActiveCfg = Debug|Any CPU
		{46FDFBCF-F5BB-4AE4-B1D5-0EF7A640A57D}.Debug|Any CPU.Build.0 = Debug|Any CPU
		{46FDFBCF-F5BB-4AE4-B1D5-0EF7A640A57D}.Release|Any CPU.ActiveCfg = Release|Any CPU
		{46FDFBCF-F5BB-4AE4-B1D5-0EF7A640A57D}.Release|Any CPU.Build.0 = Release|Any CPU
		{5495C6BA-4E02-43AE-A2C7-F7D4F1991BE1}.Debug|Any CPU.ActiveCfg = Debug|Any CPU
		{5495C6BA-4E02-43AE-A2C7-F7D4F1991BE1}.Debug|Any CPU.Build.0 = Debug|Any CPU
		{5495C6BA-4E02-43AE-A2C7-F7D4F1991BE1}.Release|Any CPU.ActiveCfg = Release|Any CPU
		{5495C6BA-4E02-43AE-A2C7-F7D4F1991BE1}.Release|Any CPU.Build.0 = Release|Any CPU
		{A1364446-4164-43E8-A173-9BEDF38DCF88}.Debug|Any CPU.ActiveCfg = Debug|Any CPU
		{A1364446-4164-43E8-A173-9BEDF38DCF88}.Debug|Any CPU.Build.0 = Debug|Any CPU
		{A1364446-4164-43E8-A173-9BEDF38DCF88}.Release|Any CPU.ActiveCfg = Release|Any CPU
		{A1364446-4164-43E8-A173-9BEDF38DCF88}.Release|Any CPU.Build.0 = Release|Any CPU
	EndGlobalSection
	GlobalSection(SolutionProperties) = preSolution
		HideSolutionNode = FALSE
	EndGlobalSection
	GlobalSection(ExtensibilityGlobals) = postSolution
		SolutionGuid = {05C49E02-4754-4F7F-87BD-DDBE474DECAA}
	EndGlobalSection
EndGlobal
